<?xml version="1.0" encoding="utf-8"?>
<Project ToolsVersion="4.0" xmlns="http://schemas.microsoft.com/developer/msbuild/2003">
  <ItemGroup>
    <Filter Include="Source">
      <UniqueIdentifier>{4FC737F1-C7A5-4376-A066-2A32D752A2FF}</UniqueIdentifier>
      <Extensions>cpp;c;cc;cxx;c++;cppm;ixx;def;odl;idl;hpj;bat;asm;asmx</Extensions>
    </Filter>
    <Filter Include="Resource Files">
      <UniqueIdentifier>{67DA6AB6-F800-4c08-8B7A-83BB121AAD01}</UniqueIdentifier>
      <Extensions>rc;ico;cur;bmp;dlg;rc2;rct;bin;rgs;gif;jpg;jpeg;jpe;resx;tiff;tif;png;wav;mfcribbon-ms</Extensions>
    </Filter>
  </ItemGroup>
  <ItemGroup>
    <ClCompile Include="Source\DogFW\Platform\Windows\DogWindows.cpp">
      <Filter>Source</Filter>
    </ClCompile>
    <ClCompile Include="Source\DogFW\Platform\Windows\DogWinDebug.cpp">
      <Filter>Source</Filter>
    </ClCompile>
    <ClCompile Include="Source\DogFW\Common\Text\DogString.cpp">
      <Filter>Source</Filter>
    </ClCompile>
    <ClCompile Include="Source\DogFW\Common\Math\DogInt.cpp">
      <Filter>Source</Filter>
    </ClCompile>
    <ClCompile Include="Source\DogFW\Common\Time\StopWatch.cpp">
      <Filter>Source</Filter>
    </ClCompile>
    <ClCompile Include="Source\DogFW\Common\Math\DogVector.cpp">
      <Filter>Source</Filter>
    </ClCompile>
    <ClCompile Include="Source\DogFW\Common\Math\SIMDVectorA.cpp">
      <Filter>Source</Filter>
    </ClCompile>
  </ItemGroup>
  <ItemGroup>
    <ClInclude Include="Include\DogFW\Platform\Windows\DogWindows.h" />
    <ClInclude Include="Include\DogFW\Platform\Windows\DogWinDebug.h" />
    <ClInclude Include="Include\DogFW\Common\Text\DogString.h" />
    <ClInclude Include="Include\DogFW\Common\Math\DogInt.h" />
    <ClInclude Include="Include\DogFW\Common\Time\StopWatch.h" />
    <ClInclude Include="Include\DogFW\Common\Math\DogVector.h" />
    <ClInclude Include="Include\DogFW\Common\Math\SIMDVectorA.h" />
  </ItemGroup>
</Project>